
Microsoft Visual Studio Solution File, Format Version 12.00
# Visual Studio 15
Project("{FAE04EC0-301F-11D3-BF4B-00C04F79EFBC}") = "Assembly-CSharp", "Assembly-CSharp.csproj", "{B5CDFB7A-E5BF-6623-9CF7-D916E1AEAD19}"
EndProject
Global
	GlobalSection(SolutionConfigurationPlatforms) = preSolution
		Debug|Any CPU = Debug|Any CPU
		Release|Any CPU = Release|Any CPU
	EndGlobalSection
	GlobalSection(ProjectConfigurationPlatforms) = postSolution
		{B5CDFB7A-E5BF-6623-9CF7-D916E1AEAD19}.Debug|Any CPU.ActiveCfg = Debug|Any CPU
		{B5CDFB7A-E5BF-6623-9CF7-D916E1AEAD19}.Debug|Any CPU.Build.0 = Debug|Any CPU
		{B5CDFB7A-E5BF-6623-9CF7-D916E1AEAD19}.Release|Any CPU.ActiveCfg = Release|Any CPU
		{B5CDFB7A-E5BF-6623-9CF7-D916E1AEAD19}.Release|Any CPU.Build.0 = Release|Any CPU
	EndGlobalSection
	GlobalSection(SolutionProperties) = preSolution
		HideSolutionNode = FALSE
	EndGlobalSection
EndGlobal
